
Microsoft Visual Studio Solution File, Format Version 12.00
# Visual Studio Version 17
VisualStudioVersion = 17.1.32328.378
MinimumVisualStudioVersion = 10.0.40219.1
Project("{FAE04EC0-301F-11D3-BF4B-00C04F79EFBC}") = "QSolver", "QSolver\QSolver.csproj", "{6EC3C523-2C74-4689-ADCB-2792478612B0}"
EndProject
Global
	GlobalSection(SolutionConfigurationPlatforms) = preSolution
		Debug|Any CPU = Debug|Any CPU
		Release|Any CPU = Release|Any CPU
	EndGlobalSection
	GlobalSection(ProjectConfigurationPlatforms) = postSolution
		{6EC3C523-2C74-4689-ADCB-2792478612B0}.Debug|Any CPU.ActiveCfg = Debug|Any CPU
		{6EC3C523-2C74-4689-ADCB-2792478612B0}.Debug|Any CPU.Build.0 = Debug|Any CPU
		{6EC3C523-2C74-4689-ADCB-2792478612B0}.Release|Any CPU.ActiveCfg = Release|Any CPU
		{6EC3C523-2C74-4689-ADCB-2792478612B0}.Release|Any CPU.Build.0 = Release|Any CPU
	EndGlobalSection
	GlobalSection(SolutionProperties) = preSolution
		HideSolutionNode = FALSE
	EndGlobalSection
	GlobalSection(ExtensibilityGlobals) = postSolution
		SolutionGuid = {A2158E04-9C33-4105-9280-B854599AA850}
	EndGlobalSection
EndGlobal
